
Microsoft Visual Studio Solution File, Format Version 12.00
# Visual Studio Version 17
VisualStudioVersion = 17.5.002.0
MinimumVisualStudioVersion = 10.0.40219.1
Project("{2150E333-8FDC-42A3-9474-1A3956D46DE8}") = "azure-openai", "azure-openai", "{330E991B-1E96-440A-89FE-4DBE86728AB7}"
EndProject
Project("{2150E333-8FDC-42A3-9474-1A3956D46DE8}") = "Labfiles", "Labfiles", "{D4EA6E53-3E0E-472F-A9E9-583BC23B428E}"
EndProject
Project("{2150E333-8FDC-42A3-9474-1A3956D46DE8}") = "02-azure-openai-api", "02-azure-openai-api", "{039BBE5C-ADAF-4BA7-B961-EF4EC0C1B5CB}"
EndProject
Project("{9A19103F-16F7-4668-BE54-9A1E7A4F7556}") = "CSharp", "azure-openai\Labfiles\02-azure-openai-api\CSharp\CSharp.csproj", "{51B49014-B54E-40FD-ACA8-E87CA875FF9E}"
EndProject
Project("{2150E333-8FDC-42A3-9474-1A3956D46DE8}") = "03-prompt-engineering", "03-prompt-engineering", "{E8AA2184-0E91-4ADD-A81B-166FB5457AA6}"
EndProject
Project("{9A19103F-16F7-4668-BE54-9A1E7A4F7556}") = "CSharp", "azure-openai\Labfiles\03-prompt-engineering\CSharp\CSharp.csproj", "{97FA8836-A4F5-44D0-AD23-BE82FE1B92CB}"
EndProject
Project("{2150E333-8FDC-42A3-9474-1A3956D46DE8}") = "04-code-generation", "04-code-generation", "{74995BA2-004D-48AF-A37D-EC49EB21919A}"
EndProject
Project("{9A19103F-16F7-4668-BE54-9A1E7A4F7556}") = "CSharp", "azure-openai\Labfiles\04-code-generation\CSharp\CSharp.csproj", "{B438E108-405A-447A-8F80-10309BEF0710}"
EndProject
Project("{2150E333-8FDC-42A3-9474-1A3956D46DE8}") = "05-image-generation", "05-image-generation", "{A8553AFA-B7ED-4A4A-9ABB-BE16B09C9EC0}"
EndProject
Project("{9A19103F-16F7-4668-BE54-9A1E7A4F7556}") = "generate_image", "azure-openai\Labfiles\05-image-generation\CSharp\generate_image.csproj", "{68DF2979-6197-4870-86F8-B66DBCC7613A}"
EndProject
Project("{2150E333-8FDC-42A3-9474-1A3956D46DE8}") = "06-use-own-data", "06-use-own-data", "{3B5F016D-E384-42FF-98EE-952A0A3C74C8}"
EndProject
Project("{9A19103F-16F7-4668-BE54-9A1E7A4F7556}") = "CSharp", "azure-openai\Labfiles\06-use-own-data\CSharp\CSharp.csproj", "{A3249163-6DC5-444A-8EEA-E50742EDC9DB}"
EndProject
Project("{2150E333-8FDC-42A3-9474-1A3956D46DE8}") = "sample-code", "sample-code", "{E8CBDB53-D7B3-4F6F-9003-10082DB65937}"
EndProject
Project("{9A19103F-16F7-4668-BE54-9A1E7A4F7556}") = "CSharp", "azure-openai\Labfiles\04-code-generation\sample-code\go-fish\CSharp.csproj", "{623133C1-9F0E-4437-92C1-1F267D5FA2EE}"
EndProject
Global
	GlobalSection(SolutionConfigurationPlatforms) = preSolution
		Debug|Any CPU = Debug|Any CPU
		Release|Any CPU = Release|Any CPU
	EndGlobalSection
	GlobalSection(ProjectConfigurationPlatforms) = postSolution
		{51B49014-B54E-40FD-ACA8-E87CA875FF9E}.Debug|Any CPU.ActiveCfg = Debug|Any CPU
		{51B49014-B54E-40FD-ACA8-E87CA875FF9E}.Debug|Any CPU.Build.0 = Debug|Any CPU
		{51B49014-B54E-40FD-ACA8-E87CA875FF9E}.Release|Any CPU.ActiveCfg = Release|Any CPU
		{51B49014-B54E-40FD-ACA8-E87CA875FF9E}.Release|Any CPU.Build.0 = Release|Any CPU
		{97FA8836-A4F5-44D0-AD23-BE82FE1B92CB}.Debug|Any CPU.ActiveCfg = Debug|Any CPU
		{97FA8836-A4F5-44D0-AD23-BE82FE1B92CB}.Debug|Any CPU.Build.0 = Debug|Any CPU
		{97FA8836-A4F5-44D0-AD23-BE82FE1B92CB}.Release|Any CPU.ActiveCfg = Release|Any CPU
		{97FA8836-A4F5-44D0-AD23-BE82FE1B92CB}.Release|Any CPU.Build.0 = Release|Any CPU
		{B438E108-405A-447A-8F80-10309BEF0710}.Debug|Any CPU.ActiveCfg = Debug|Any CPU
		{B438E108-405A-447A-8F80-10309BEF0710}.Debug|Any CPU.Build.0 = Debug|Any CPU
		{B438E108-405A-447A-8F80-10309BEF0710}.Release|Any CPU.ActiveCfg = Release|Any CPU
		{B438E108-405A-447A-8F80-10309BEF0710}.Release|Any CPU.Build.0 = Release|Any CPU
		{68DF2979-6197-4870-86F8-B66DBCC7613A}.Debug|Any CPU.ActiveCfg = Debug|Any CPU
		{68DF2979-6197-4870-86F8-B66DBCC7613A}.Debug|Any CPU.Build.0 = Debug|Any CPU
		{68DF2979-6197-4870-86F8-B66DBCC7613A}.Release|Any CPU.ActiveCfg = Release|Any CPU
		{68DF2979-6197-4870-86F8-B66DBCC7613A}.Release|Any CPU.Build.0 = Release|Any CPU
		{A3249163-6DC5-444A-8EEA-E50742EDC9DB}.Debug|Any CPU.ActiveCfg = Debug|Any CPU
		{A3249163-6DC5-444A-8EEA-E50742EDC9DB}.Debug|Any CPU.Build.0 = Debug|Any CPU
		{A3249163-6DC5-444A-8EEA-E50742EDC9DB}.Release|Any CPU.ActiveCfg = Release|Any CPU
		{A3249163-6DC5-444A-8EEA-E50742EDC9DB}.Release|Any CPU.Build.0 = Release|Any CPU
		{623133C1-9F0E-4437-92C1-1F267D5FA2EE}.Debug|Any CPU.ActiveCfg = Debug|Any CPU
		{623133C1-9F0E-4437-92C1-1F267D5FA2EE}.Debug|Any CPU.Build.0 = Debug|Any CPU
		{623133C1-9F0E-4437-92C1-1F267D5FA2EE}.Release|Any CPU.ActiveCfg = Release|Any CPU
		{623133C1-9F0E-4437-92C1-1F267D5FA2EE}.Release|Any CPU.Build.0 = Release|Any CPU
	EndGlobalSection
	GlobalSection(SolutionProperties) = preSolution
		HideSolutionNode = FALSE
	EndGlobalSection
	GlobalSection(NestedProjects) = preSolution
		{D4EA6E53-3E0E-472F-A9E9-583BC23B428E} = {330E991B-1E96-440A-89FE-4DBE86728AB7}
		{039BBE5C-ADAF-4BA7-B961-EF4EC0C1B5CB} = {D4EA6E53-3E0E-472F-A9E9-583BC23B428E}
		{51B49014-B54E-40FD-ACA8-E87CA875FF9E} = {039BBE5C-ADAF-4BA7-B961-EF4EC0C1B5CB}
		{E8AA2184-0E91-4ADD-A81B-166FB5457AA6} = {D4EA6E53-3E0E-472F-A9E9-583BC23B428E}
		{97FA8836-A4F5-44D0-AD23-BE82FE1B92CB} = {E8AA2184-0E91-4ADD-A81B-166FB5457AA6}
		{74995BA2-004D-48AF-A37D-EC49EB21919A} = {D4EA6E53-3E0E-472F-A9E9-583BC23B428E}
		{B438E108-405A-447A-8F80-10309BEF0710} = {74995BA2-004D-48AF-A37D-EC49EB21919A}
		{A8553AFA-B7ED-4A4A-9ABB-BE16B09C9EC0} = {D4EA6E53-3E0E-472F-A9E9-583BC23B428E}
		{68DF2979-6197-4870-86F8-B66DBCC7613A} = {A8553AFA-B7ED-4A4A-9ABB-BE16B09C9EC0}
		{3B5F016D-E384-42FF-98EE-952A0A3C74C8} = {D4EA6E53-3E0E-472F-A9E9-583BC23B428E}
		{A3249163-6DC5-444A-8EEA-E50742EDC9DB} = {3B5F016D-E384-42FF-98EE-952A0A3C74C8}
		{E8CBDB53-D7B3-4F6F-9003-10082DB65937} = {74995BA2-004D-48AF-A37D-EC49EB21919A}
		{623133C1-9F0E-4437-92C1-1F267D5FA2EE} = {E8CBDB53-D7B3-4F6F-9003-10082DB65937}
	EndGlobalSection
	GlobalSection(ExtensibilityGlobals) = postSolution
		SolutionGuid = {F006CC67-A1FA-4752-AFA0-BC8425D2C3DC}
	EndGlobalSection
EndGlobal
